
Microsoft Visual Studio Solution File, Format Version 12.00
# Visual Studio Version 17
VisualStudioVersion = 17.3.32825.248
MinimumVisualStudioVersion = 10.0.40219.1
Project("{9A19103F-16F7-4668-BE54-9A1E7A4F7556}") = "BlazorWeb", "BlazorWeb\BlazorWeb.csproj", "{FFBA6C70-2C64-4822-8A09-36EBFF1B35FE}"
EndProject
Global
	GlobalSection(SolutionConfigurationPlatforms) = preSolution
		Debug|Any CPU = Debug|Any CPU
		Release|Any CPU = Release|Any CPU
	EndGlobalSection
	GlobalSection(ProjectConfigurationPlatforms) = postSolution
		{FFBA6C70-2C64-4822-8A09-36EBFF1B35FE}.Debug|Any CPU.ActiveCfg = Debug|Any CPU
		{FFBA6C70-2C64-4822-8A09-36EBFF1B35FE}.Debug|Any CPU.Build.0 = Debug|Any CPU
		{FFBA6C70-2C64-4822-8A09-36EBFF1B35FE}.Release|Any CPU.ActiveCfg = Release|Any CPU
		{FFBA6C70-2C64-4822-8A09-36EBFF1B35FE}.Release|Any CPU.Build.0 = Release|Any CPU
	EndGlobalSection
	GlobalSection(SolutionProperties) = preSolution
		HideSolutionNode = FALSE
	EndGlobalSection
	GlobalSection(ExtensibilityGlobals) = postSolution
		SolutionGuid = {532C8201-63FA-4D66-B661-500A62779EF9}
	EndGlobalSection
EndGlobal
